
Microsoft Visual Studio Solution File, Format Version 12.00
# Visual Studio Version 17
VisualStudioVersion = 17.2.32526.322
MinimumVisualStudioVersion = 10.0.40219.1
Project("{2150E333-8FDC-42A3-9474-1A3956D46DE8}") = "Solution Items", "Solution Items", "{43CB1177-2919-499F-B665-F48A63E81AE8}"
	ProjectSection(SolutionItems) = preProject
		.editorconfig = .editorconfig
		Directory.Build.props = Directory.Build.props
		Directory.Build.targets = Directory.Build.targets
	EndProjectSection
EndProject
Project("{9A19103F-16F7-4668-BE54-9A1E7A4F7556}") = "VSModLauncher", "VSModLauncher\VSModLauncher.csproj", "{7F8E02A9-9B31-472D-9BFF-D24C41B7A9E9}"
EndProject
Project("{9A19103F-16F7-4668-BE54-9A1E7A4F7556}") = "GuiCompositeSettingsEx", "GuiCompositeSettingsEx\GuiCompositeSettingsEx.csproj", "{0938CCA6-4902-4E0D-B7D5-E3167FAA7947}"
EndProject
Project("{9A19103F-16F7-4668-BE54-9A1E7A4F7556}") = "RoslynSourceCompiler", "RoslynSourceCompiler\RoslynSourceCompiler.csproj", "{2F0E7DCE-DF1B-44E2-8F1D-67F615CD8486}"
EndProject
Project("{9A19103F-16F7-4668-BE54-9A1E7A4F7556}") = "DiscordIntegration", "DiscordIntegration\DiscordIntegration.csproj", "{EDD9BD47-2E38-4454-B812-A583AEC09FED}"
EndProject
Project("{9A19103F-16F7-4668-BE54-9A1E7A4F7556}") = "FSR1", "FSR1\FSR1.csproj", "{47623E0C-EFE7-4F66-AD4D-8D38D6F82AF2}"
EndProject
Project("{9A19103F-16F7-4668-BE54-9A1E7A4F7556}") = "WorldConfigGUI", "WorldConfigGUI\WorldConfigGUI.csproj", "{2E77BE6A-8074-41D5-A63D-3862326BD54B}"
EndProject
Project("{9A19103F-16F7-4668-BE54-9A1E7A4F7556}") = "TemperatureScales", "TemperatureScales\TemperatureScales.csproj", "{820B247A-A5C0-4E00-8FEC-458EEA7E03DD}"
EndProject
Project("{9A19103F-16F7-4668-BE54-9A1E7A4F7556}") = "TemporalTech", "TemporalTech\TemporalTech.csproj", "{78ABD4D6-65E0-4577-933E-5043CE3C4CC6}"
EndProject
Global
	GlobalSection(SolutionConfigurationPlatforms) = preSolution
		Debug|Any CPU = Debug|Any CPU
		Release|Any CPU = Release|Any CPU
	EndGlobalSection
	GlobalSection(ProjectConfigurationPlatforms) = postSolution
		{7F8E02A9-9B31-472D-9BFF-D24C41B7A9E9}.Debug|Any CPU.ActiveCfg = Debug|Any CPU
		{7F8E02A9-9B31-472D-9BFF-D24C41B7A9E9}.Debug|Any CPU.Build.0 = Debug|Any CPU
		{7F8E02A9-9B31-472D-9BFF-D24C41B7A9E9}.Release|Any CPU.ActiveCfg = Release|Any CPU
		{7F8E02A9-9B31-472D-9BFF-D24C41B7A9E9}.Release|Any CPU.Build.0 = Release|Any CPU
		{0938CCA6-4902-4E0D-B7D5-E3167FAA7947}.Debug|Any CPU.ActiveCfg = Debug|Any CPU
		{0938CCA6-4902-4E0D-B7D5-E3167FAA7947}.Debug|Any CPU.Build.0 = Debug|Any CPU
		{0938CCA6-4902-4E0D-B7D5-E3167FAA7947}.Release|Any CPU.ActiveCfg = Release|Any CPU
		{0938CCA6-4902-4E0D-B7D5-E3167FAA7947}.Release|Any CPU.Build.0 = Release|Any CPU
		{2F0E7DCE-DF1B-44E2-8F1D-67F615CD8486}.Debug|Any CPU.ActiveCfg = Debug|Any CPU
		{2F0E7DCE-DF1B-44E2-8F1D-67F615CD8486}.Debug|Any CPU.Build.0 = Debug|Any CPU
		{2F0E7DCE-DF1B-44E2-8F1D-67F615CD8486}.Release|Any CPU.ActiveCfg = Release|Any CPU
		{2F0E7DCE-DF1B-44E2-8F1D-67F615CD8486}.Release|Any CPU.Build.0 = Release|Any CPU
		{EDD9BD47-2E38-4454-B812-A583AEC09FED}.Debug|Any CPU.ActiveCfg = Debug|Any CPU
		{EDD9BD47-2E38-4454-B812-A583AEC09FED}.Debug|Any CPU.Build.0 = Debug|Any CPU
		{EDD9BD47-2E38-4454-B812-A583AEC09FED}.Release|Any CPU.ActiveCfg = Release|Any CPU
		{EDD9BD47-2E38-4454-B812-A583AEC09FED}.Release|Any CPU.Build.0 = Release|Any CPU
		{47623E0C-EFE7-4F66-AD4D-8D38D6F82AF2}.Debug|Any CPU.ActiveCfg = Debug|Any CPU
		{47623E0C-EFE7-4F66-AD4D-8D38D6F82AF2}.Debug|Any CPU.Build.0 = Debug|Any CPU
		{47623E0C-EFE7-4F66-AD4D-8D38D6F82AF2}.Release|Any CPU.ActiveCfg = Release|Any CPU
		{47623E0C-EFE7-4F66-AD4D-8D38D6F82AF2}.Release|Any CPU.Build.0 = Release|Any CPU
		{2E77BE6A-8074-41D5-A63D-3862326BD54B}.Debug|Any CPU.ActiveCfg = Debug|Any CPU
		{2E77BE6A-8074-41D5-A63D-3862326BD54B}.Debug|Any CPU.Build.0 = Debug|Any CPU
		{2E77BE6A-8074-41D5-A63D-3862326BD54B}.Release|Any CPU.ActiveCfg = Release|Any CPU
		{2E77BE6A-8074-41D5-A63D-3862326BD54B}.Release|Any CPU.Build.0 = Release|Any CPU
		{820B247A-A5C0-4E00-8FEC-458EEA7E03DD}.Debug|Any CPU.ActiveCfg = Debug|Any CPU
		{820B247A-A5C0-4E00-8FEC-458EEA7E03DD}.Debug|Any CPU.Build.0 = Debug|Any CPU
		{820B247A-A5C0-4E00-8FEC-458EEA7E03DD}.Release|Any CPU.ActiveCfg = Release|Any CPU
		{820B247A-A5C0-4E00-8FEC-458EEA7E03DD}.Release|Any CPU.Build.0 = Release|Any CPU
		{78ABD4D6-65E0-4577-933E-5043CE3C4CC6}.Debug|Any CPU.ActiveCfg = Debug|Any CPU
		{78ABD4D6-65E0-4577-933E-5043CE3C4CC6}.Debug|Any CPU.Build.0 = Debug|Any CPU
		{78ABD4D6-65E0-4577-933E-5043CE3C4CC6}.Release|Any CPU.ActiveCfg = Release|Any CPU
		{78ABD4D6-65E0-4577-933E-5043CE3C4CC6}.Release|Any CPU.Build.0 = Release|Any CPU
	EndGlobalSection
	GlobalSection(SolutionProperties) = preSolution
		HideSolutionNode = FALSE
	EndGlobalSection
	GlobalSection(ExtensibilityGlobals) = postSolution
		SolutionGuid = {CAF992D7-AF8E-43D5-AAA1-80E2C54A5FFC}
	EndGlobalSection
EndGlobal
